
Microsoft Visual Studio Solution File, Format Version 12.00
# Visual Studio Version 16
VisualStudioVersion = 16.0.30621.155
MinimumVisualStudioVersion = 10.0.40219.1
Project("{FAE04EC0-301F-11D3-BF4B-00C04F79EFBC}") = "Quiz_Master", "Quiz_Master\Quiz_Master.csproj", "{8F69AFFA-4E0E-40DD-9F9B-1822A74D4ABF}"
EndProject
Global
	GlobalSection(SolutionConfigurationPlatforms) = preSolution
		Debug|Any CPU = Debug|Any CPU
		Release|Any CPU = Release|Any CPU
	EndGlobalSection
	GlobalSection(ProjectConfigurationPlatforms) = postSolution
		{8F69AFFA-4E0E-40DD-9F9B-1822A74D4ABF}.Debug|Any CPU.ActiveCfg = Debug|Any CPU
		{8F69AFFA-4E0E-40DD-9F9B-1822A74D4ABF}.Debug|Any CPU.Build.0 = Debug|Any CPU
		{8F69AFFA-4E0E-40DD-9F9B-1822A74D4ABF}.Release|Any CPU.ActiveCfg = Release|Any CPU
		{8F69AFFA-4E0E-40DD-9F9B-1822A74D4ABF}.Release|Any CPU.Build.0 = Release|Any CPU
	EndGlobalSection
	GlobalSection(SolutionProperties) = preSolution
		HideSolutionNode = FALSE
	EndGlobalSection
	GlobalSection(ExtensibilityGlobals) = postSolution
		SolutionGuid = {D7CF0DD9-FEA9-4605-805D-FAB8E315C921}
	EndGlobalSection
EndGlobal
